
Microsoft Visual Studio Solution File, Format Version 12.00
# Visual Studio Version 17
VisualStudioVersion = 17.7.34221.43
MinimumVisualStudioVersion = 10.0.40219.1
Project("{FAE04EC0-301F-11D3-BF4B-00C04F79EFBC}") = "firstProject", "firstProject\firstProject.csproj", "{D6554AF9-288C-4FAA-A072-464A2CF9745B}"
EndProject
Global
	GlobalSection(SolutionConfigurationPlatforms) = preSolution
		Debug|Any CPU = Debug|Any CPU
		Release|Any CPU = Release|Any CPU
	EndGlobalSection
	GlobalSection(ProjectConfigurationPlatforms) = postSolution
		{D6554AF9-288C-4FAA-A072-464A2CF9745B}.Debug|Any CPU.ActiveCfg = Debug|Any CPU
		{D6554AF9-288C-4FAA-A072-464A2CF9745B}.Debug|Any CPU.Build.0 = Debug|Any CPU
		{D6554AF9-288C-4FAA-A072-464A2CF9745B}.Release|Any CPU.ActiveCfg = Release|Any CPU
		{D6554AF9-288C-4FAA-A072-464A2CF9745B}.Release|Any CPU.Build.0 = Release|Any CPU
	EndGlobalSection
	GlobalSection(SolutionProperties) = preSolution
		HideSolutionNode = FALSE
	EndGlobalSection
	GlobalSection(ExtensibilityGlobals) = postSolution
		SolutionGuid = {A214EE5E-791E-4487-9943-51FD9F8D026C}
	EndGlobalSection
EndGlobal
